
Microsoft Visual Studio Solution File, Format Version 12.00
# Visual Studio Version 17
VisualStudioVersion = 17.14.36603.0 d17.14
MinimumVisualStudioVersion = 10.0.40219.1
Project("{FAE04EC0-301F-11D3-BF4B-00C04F79EFBC}") = "Desktiny.WinUI", "Desktiny.WinUI\Desktiny.WinUI.csproj", "{BB5260AD-4AC3-44E7-87A7-D5194640321E}"
EndProject
Global
	GlobalSection(SolutionConfigurationPlatforms) = preSolution
		Debug|Any CPU = Debug|Any CPU
		Release|Any CPU = Release|Any CPU
	EndGlobalSection
	GlobalSection(ProjectConfigurationPlatforms) = postSolution
		{BB5260AD-4AC3-44E7-87A7-D5194640321E}.Debug|Any CPU.ActiveCfg = Debug|Any CPU
		{BB5260AD-4AC3-44E7-87A7-D5194640321E}.Debug|Any CPU.Build.0 = Debug|Any CPU
		{BB5260AD-4AC3-44E7-87A7-D5194640321E}.Release|Any CPU.ActiveCfg = Release|Any CPU
		{BB5260AD-4AC3-44E7-87A7-D5194640321E}.Release|Any CPU.Build.0 = Release|Any CPU
	EndGlobalSection
	GlobalSection(SolutionProperties) = preSolution
		HideSolutionNode = FALSE
	EndGlobalSection
	GlobalSection(ExtensibilityGlobals) = postSolution
		SolutionGuid = {962380E5-909C-48C0-8606-350474FF0157}
	EndGlobalSection
EndGlobal
